
Microsoft Visual Studio Solution File, Format Version 12.00
# Visual Studio Version 16
VisualStudioVersion = 16.0.30907.101
MinimumVisualStudioVersion = 10.0.40219.1
Project("{FAE04EC0-301F-11D3-BF4B-00C04F79EFBC}") = "ArduinoCom", "ArduinoCom\ArduinoCom.csproj", "{DB172EC2-089C-4894-A344-C70882D2D013}"
EndProject
Global
	GlobalSection(SolutionConfigurationPlatforms) = preSolution
		Debug|Any CPU = Debug|Any CPU
		Release|Any CPU = Release|Any CPU
	EndGlobalSection
	GlobalSection(ProjectConfigurationPlatforms) = postSolution
		{DB172EC2-089C-4894-A344-C70882D2D013}.Debug|Any CPU.ActiveCfg = Debug|Any CPU
		{DB172EC2-089C-4894-A344-C70882D2D013}.Debug|Any CPU.Build.0 = Debug|Any CPU
		{DB172EC2-089C-4894-A344-C70882D2D013}.Release|Any CPU.ActiveCfg = Release|Any CPU
		{DB172EC2-089C-4894-A344-C70882D2D013}.Release|Any CPU.Build.0 = Release|Any CPU
	EndGlobalSection
	GlobalSection(SolutionProperties) = preSolution
		HideSolutionNode = FALSE
	EndGlobalSection
	GlobalSection(ExtensibilityGlobals) = postSolution
		SolutionGuid = {D8824E62-AAC4-46AF-93FC-6DB2A100120D}
	EndGlobalSection
EndGlobal
